
Microsoft Visual Studio Solution File, Format Version 12.00
# Visual Studio 2012
Project("{2150E333-8FDC-42A3-9474-1A3956D46DE8}") = "Crm", "Crm", "{48158E8B-60E0-4C45-86D9-310AB47783B4}"
EndProject
Project("{FAE04EC0-301F-11D3-BF4B-00C04F79EFBC}") = "ZGW.GMS.Web", "Web\ZGW.GMS.Web.csproj", "{9DAF9C1C-9354-4708-850C-E4A100EA859A}"
EndProject
Project("{2150E333-8FDC-42A3-9474-1A3956D46DE8}") = "Common", "Common", "{3254E182-24E5-479E-BF8A-CD76C96D8B1B}"
EndProject
Project("{FAE04EC0-301F-11D3-BF4B-00C04F79EFBC}") = "ZGW.GMS.Core", "Common\ZGW.GMS.Core\ZGW.GMS.Core.csproj", "{4C9FD44B-7991-43A7-B08A-6EA6B98C1509}"
EndProject
Project("{FAE04EC0-301F-11D3-BF4B-00C04F79EFBC}") = "ZGW.GMS.Core.Web", "Common\ZGW.GMS.Core.Web\ZGW.GMS.Core.Web.csproj", "{A31D22C4-0942-4511-A837-E27A84F2E5F2}"
EndProject
Project("{2150E333-8FDC-42A3-9474-1A3956D46DE8}") = "Platform", "Platform", "{4058281E-82A4-4B42-8C7D-0F28682A5030}"
EndProject
Project("{FAE04EC0-301F-11D3-BF4B-00C04F79EFBC}") = "ZGW.GMS.Platform.BusinessEntity", "Platform\ZGW.GMS.Platform.BusinessEntity\ZGW.GMS.Platform.BusinessEntity.csproj", "{51B06B2E-B595-49D7-8731-1F1C2B86F09C}"
EndProject
Project("{FAE04EC0-301F-11D3-BF4B-00C04F79EFBC}") = "ZGW.GMS.Crm.BusinessEntity", "Crm\ZGW.GMS.Crm.BusinessEntity\ZGW.GMS.Crm.BusinessEntity.csproj", "{2BF2C5C8-1DB1-4B78-8B60-BC0DE884E044}"
EndProject
Project("{FAE04EC0-301F-11D3-BF4B-00C04F79EFBC}") = "ZGW.GMS.Crm.Repository", "Crm\ZGW.GMS.Crm.Repository\ZGW.GMS.Crm.Repository.csproj", "{320B4685-2F0A-48D5-B1C5-EA1F8E5C158B}"
EndProject
Project("{FAE04EC0-301F-11D3-BF4B-00C04F79EFBC}") = "ZGW.GMS.Crm.Logic", "Crm\ZGW.GMS.Crm.Logic\ZGW.GMS.Crm.Logic.csproj", "{0DB50285-89DE-42C7-9274-8D1633AAF01C}"
EndProject
Project("{FAE04EC0-301F-11D3-BF4B-00C04F79EFBC}") = "ZGW.GMS.Crm.Service.Interface", "Crm\ZGW.GMS.Crm.Service.Interface\ZGW.GMS.Crm.Service.Interface.csproj", "{0BC4354A-1C5A-4D0C-A510-8C88CC880433}"
EndProject
Project("{FAE04EC0-301F-11D3-BF4B-00C04F79EFBC}") = "ZGW.GMS.Platform.Repository", "Platform\ZGW.GMS.Platform.Repository\ZGW.GMS.Platform.Repository.csproj", "{CBAEE05E-9836-4A11-A90A-B6D7E46222D0}"
EndProject
Project("{FAE04EC0-301F-11D3-BF4B-00C04F79EFBC}") = "ZGW.GMS.Platform.Service.Interface", "Platform\ZGW.GMS.Platform.Service.Interface\ZGW.GMS.Platform.Service.Interface.csproj", "{945CE5FA-2323-4350-8F32-3924F590487B}"
EndProject
Project("{FAE04EC0-301F-11D3-BF4B-00C04F79EFBC}") = "ZGW.GMS.Platform.Logic", "Platform\ZGW.GMS.Platform.Logic\ZGW.GMS.Platform.Logic.csproj", "{4804B405-8EB9-46B2-9AB4-451E1DC2C77E}"
EndProject
Project("{FAE04EC0-301F-11D3-BF4B-00C04F79EFBC}") = "ZGW.GMS.Platform.Web", "Web\Areas\ZGW.GMS.Platform.Web\ZGW.GMS.Platform.Web.csproj", "{9DEE9120-E930-4F6D-BFB0-10FC9ABFE726}"
EndProject
Project("{FAE04EC0-301F-11D3-BF4B-00C04F79EFBC}") = "ZGW.GMS.Core.Config", "Common\ZGW.GMS.Core.Config\ZGW.GMS.Core.Config.csproj", "{051B3424-70E0-4B5F-AA5D-31720B8D0072}"
EndProject
Project("{FAE04EC0-301F-11D3-BF4B-00C04F79EFBC}") = "ZGW.GMS.Crm.Web", "Web\Areas\ZGW.GMS.Crm.Web\ZGW.GMS.Crm.Web.csproj", "{B9D7D444-D1EC-47AE-ADF1-8DB5E34F2077}"
EndProject
Global
	GlobalSection(SolutionConfigurationPlatforms) = preSolution
		Debug(x64)|Any CPU = Debug(x64)|Any CPU
		Debug(x64)|x64 = Debug(x64)|x64
		Debug|Any CPU = Debug|Any CPU
		Debug|x64 = Debug|x64
		Release|Any CPU = Release|Any CPU
		Release|x64 = Release|x64
	EndGlobalSection
	GlobalSection(ProjectConfigurationPlatforms) = postSolution
		{9DAF9C1C-9354-4708-850C-E4A100EA859A}.Debug(x64)|Any CPU.ActiveCfg = Debug|Any CPU
		{9DAF9C1C-9354-4708-850C-E4A100EA859A}.Debug(x64)|Any CPU.Build.0 = Debug|Any CPU
		{9DAF9C1C-9354-4708-850C-E4A100EA859A}.Debug(x64)|x64.ActiveCfg = Debug|Any CPU
		{9DAF9C1C-9354-4708-850C-E4A100EA859A}.Debug|Any CPU.ActiveCfg = Debug|Any CPU
		{9DAF9C1C-9354-4708-850C-E4A100EA859A}.Debug|Any CPU.Build.0 = Debug|Any CPU
		{9DAF9C1C-9354-4708-850C-E4A100EA859A}.Debug|x64.ActiveCfg = Debug|Any CPU
		{9DAF9C1C-9354-4708-850C-E4A100EA859A}.Release|Any CPU.ActiveCfg = Release|Any CPU
		{9DAF9C1C-9354-4708-850C-E4A100EA859A}.Release|Any CPU.Build.0 = Release|Any CPU
		{9DAF9C1C-9354-4708-850C-E4A100EA859A}.Release|x64.ActiveCfg = Release|Any CPU
		{4C9FD44B-7991-43A7-B08A-6EA6B98C1509}.Debug(x64)|Any CPU.ActiveCfg = Debug|Any CPU
		{4C9FD44B-7991-43A7-B08A-6EA6B98C1509}.Debug(x64)|Any CPU.Build.0 = Debug|Any CPU
		{4C9FD44B-7991-43A7-B08A-6EA6B98C1509}.Debug(x64)|x64.ActiveCfg = Debug|Any CPU
		{4C9FD44B-7991-43A7-B08A-6EA6B98C1509}.Debug|Any CPU.ActiveCfg = Debug|Any CPU
		{4C9FD44B-7991-43A7-B08A-6EA6B98C1509}.Debug|Any CPU.Build.0 = Debug|Any CPU
		{4C9FD44B-7991-43A7-B08A-6EA6B98C1509}.Debug|x64.ActiveCfg = Debug|Any CPU
		{4C9FD44B-7991-43A7-B08A-6EA6B98C1509}.Release|Any CPU.ActiveCfg = Release|Any CPU
		{4C9FD44B-7991-43A7-B08A-6EA6B98C1509}.Release|Any CPU.Build.0 = Release|Any CPU
		{4C9FD44B-7991-43A7-B08A-6EA6B98C1509}.Release|x64.ActiveCfg = Release|Any CPU
		{A31D22C4-0942-4511-A837-E27A84F2E5F2}.Debug(x64)|Any CPU.ActiveCfg = Debug|Any CPU
		{A31D22C4-0942-4511-A837-E27A84F2E5F2}.Debug(x64)|Any CPU.Build.0 = Debug|Any CPU
		{A31D22C4-0942-4511-A837-E27A84F2E5F2}.Debug(x64)|x64.ActiveCfg = Debug|Any CPU
		{A31D22C4-0942-4511-A837-E27A84F2E5F2}.Debug|Any CPU.ActiveCfg = Debug|Any CPU
		{A31D22C4-0942-4511-A837-E27A84F2E5F2}.Debug|Any CPU.Build.0 = Debug|Any CPU
		{A31D22C4-0942-4511-A837-E27A84F2E5F2}.Debug|x64.ActiveCfg = Debug|Any CPU
		{A31D22C4-0942-4511-A837-E27A84F2E5F2}.Release|Any CPU.ActiveCfg = Release|Any CPU
		{A31D22C4-0942-4511-A837-E27A84F2E5F2}.Release|Any CPU.Build.0 = Release|Any CPU
		{A31D22C4-0942-4511-A837-E27A84F2E5F2}.Release|x64.ActiveCfg = Release|Any CPU
		{51B06B2E-B595-49D7-8731-1F1C2B86F09C}.Debug(x64)|Any CPU.ActiveCfg = Debug|Any CPU
		{51B06B2E-B595-49D7-8731-1F1C2B86F09C}.Debug(x64)|Any CPU.Build.0 = Debug|Any CPU
		{51B06B2E-B595-49D7-8731-1F1C2B86F09C}.Debug(x64)|x64.ActiveCfg = Debug|Any CPU
		{51B06B2E-B595-49D7-8731-1F1C2B86F09C}.Debug|Any CPU.ActiveCfg = Debug|Any CPU
		{51B06B2E-B595-49D7-8731-1F1C2B86F09C}.Debug|Any CPU.Build.0 = Debug|Any CPU
		{51B06B2E-B595-49D7-8731-1F1C2B86F09C}.Debug|x64.ActiveCfg = Debug|Any CPU
		{51B06B2E-B595-49D7-8731-1F1C2B86F09C}.Release|Any CPU.ActiveCfg = Release|Any CPU
		{51B06B2E-B595-49D7-8731-1F1C2B86F09C}.Release|Any CPU.Build.0 = Release|Any CPU
		{51B06B2E-B595-49D7-8731-1F1C2B86F09C}.Release|x64.ActiveCfg = Release|Any CPU
		{2BF2C5C8-1DB1-4B78-8B60-BC0DE884E044}.Debug(x64)|Any CPU.ActiveCfg = Debug|Any CPU
		{2BF2C5C8-1DB1-4B78-8B60-BC0DE884E044}.Debug(x64)|Any CPU.Build.0 = Debug|Any CPU
		{2BF2C5C8-1DB1-4B78-8B60-BC0DE884E044}.Debug(x64)|x64.ActiveCfg = Debug|Any CPU
		{2BF2C5C8-1DB1-4B78-8B60-BC0DE884E044}.Debug|Any CPU.ActiveCfg = Debug|Any CPU
		{2BF2C5C8-1DB1-4B78-8B60-BC0DE884E044}.Debug|Any CPU.Build.0 = Debug|Any CPU
		{2BF2C5C8-1DB1-4B78-8B60-BC0DE884E044}.Debug|x64.ActiveCfg = Debug|Any CPU
		{2BF2C5C8-1DB1-4B78-8B60-BC0DE884E044}.Release|Any CPU.ActiveCfg = Release|Any CPU
		{2BF2C5C8-1DB1-4B78-8B60-BC0DE884E044}.Release|Any CPU.Build.0 = Release|Any CPU
		{2BF2C5C8-1DB1-4B78-8B60-BC0DE884E044}.Release|x64.ActiveCfg = Release|Any CPU
		{320B4685-2F0A-48D5-B1C5-EA1F8E5C158B}.Debug(x64)|Any CPU.ActiveCfg = Debug|Any CPU
		{320B4685-2F0A-48D5-B1C5-EA1F8E5C158B}.Debug(x64)|Any CPU.Build.0 = Debug|Any CPU
		{320B4685-2F0A-48D5-B1C5-EA1F8E5C158B}.Debug(x64)|x64.ActiveCfg = Debug|Any CPU
		{320B4685-2F0A-48D5-B1C5-EA1F8E5C158B}.Debug|Any CPU.ActiveCfg = Debug|Any CPU
		{320B4685-2F0A-48D5-B1C5-EA1F8E5C158B}.Debug|Any CPU.Build.0 = Debug|Any CPU
		{320B4685-2F0A-48D5-B1C5-EA1F8E5C158B}.Debug|x64.ActiveCfg = Debug|Any CPU
		{320B4685-2F0A-48D5-B1C5-EA1F8E5C158B}.Release|Any CPU.ActiveCfg = Release|Any CPU
		{320B4685-2F0A-48D5-B1C5-EA1F8E5C158B}.Release|Any CPU.Build.0 = Release|Any CPU
		{320B4685-2F0A-48D5-B1C5-EA1F8E5C158B}.Release|x64.ActiveCfg = Release|Any CPU
		{0DB50285-89DE-42C7-9274-8D1633AAF01C}.Debug(x64)|Any CPU.ActiveCfg = Debug|Any CPU
		{0DB50285-89DE-42C7-9274-8D1633AAF01C}.Debug(x64)|Any CPU.Build.0 = Debug|Any CPU
		{0DB50285-89DE-42C7-9274-8D1633AAF01C}.Debug(x64)|x64.ActiveCfg = Debug|Any CPU
		{0DB50285-89DE-42C7-9274-8D1633AAF01C}.Debug|Any CPU.ActiveCfg = Debug|Any CPU
		{0DB50285-89DE-42C7-9274-8D1633AAF01C}.Debug|Any CPU.Build.0 = Debug|Any CPU
		{0DB50285-89DE-42C7-9274-8D1633AAF01C}.Debug|x64.ActiveCfg = Debug|Any CPU
		{0DB50285-89DE-42C7-9274-8D1633AAF01C}.Release|Any CPU.ActiveCfg = Release|Any CPU
		{0DB50285-89DE-42C7-9274-8D1633AAF01C}.Release|Any CPU.Build.0 = Release|Any CPU
		{0DB50285-89DE-42C7-9274-8D1633AAF01C}.Release|x64.ActiveCfg = Release|Any CPU
		{0BC4354A-1C5A-4D0C-A510-8C88CC880433}.Debug(x64)|Any CPU.ActiveCfg = Debug|Any CPU
		{0BC4354A-1C5A-4D0C-A510-8C88CC880433}.Debug(x64)|Any CPU.Build.0 = Debug|Any CPU
		{0BC4354A-1C5A-4D0C-A510-8C88CC880433}.Debug(x64)|x64.ActiveCfg = Debug|Any CPU
		{0BC4354A-1C5A-4D0C-A510-8C88CC880433}.Debug|Any CPU.ActiveCfg = Debug|Any CPU
		{0BC4354A-1C5A-4D0C-A510-8C88CC880433}.Debug|Any CPU.Build.0 = Debug|Any CPU
		{0BC4354A-1C5A-4D0C-A510-8C88CC880433}.Debug|x64.ActiveCfg = Debug|Any CPU
		{0BC4354A-1C5A-4D0C-A510-8C88CC880433}.Release|Any CPU.ActiveCfg = Release|Any CPU
		{0BC4354A-1C5A-4D0C-A510-8C88CC880433}.Release|Any CPU.Build.0 = Release|Any CPU
		{0BC4354A-1C5A-4D0C-A510-8C88CC880433}.Release|x64.ActiveCfg = Release|Any CPU
		{CBAEE05E-9836-4A11-A90A-B6D7E46222D0}.Debug(x64)|Any CPU.ActiveCfg = Debug|Any CPU
		{CBAEE05E-9836-4A11-A90A-B6D7E46222D0}.Debug(x64)|Any CPU.Build.0 = Debug|Any CPU
		{CBAEE05E-9836-4A11-A90A-B6D7E46222D0}.Debug(x64)|x64.ActiveCfg = Debug|Any CPU
		{CBAEE05E-9836-4A11-A90A-B6D7E46222D0}.Debug|Any CPU.ActiveCfg = Debug|Any CPU
		{CBAEE05E-9836-4A11-A90A-B6D7E46222D0}.Debug|Any CPU.Build.0 = Debug|Any CPU
		{CBAEE05E-9836-4A11-A90A-B6D7E46222D0}.Debug|x64.ActiveCfg = Debug|Any CPU
		{CBAEE05E-9836-4A11-A90A-B6D7E46222D0}.Release|Any CPU.ActiveCfg = Release|Any CPU
		{CBAEE05E-9836-4A11-A90A-B6D7E46222D0}.Release|Any CPU.Build.0 = Release|Any CPU
		{CBAEE05E-9836-4A11-A90A-B6D7E46222D0}.Release|x64.ActiveCfg = Release|Any CPU
		{945CE5FA-2323-4350-8F32-3924F590487B}.Debug(x64)|Any CPU.ActiveCfg = Debug|Any CPU
		{945CE5FA-2323-4350-8F32-3924F590487B}.Debug(x64)|Any CPU.Build.0 = Debug|Any CPU
		{945CE5FA-2323-4350-8F32-3924F590487B}.Debug(x64)|x64.ActiveCfg = Debug|Any CPU
		{945CE5FA-2323-4350-8F32-3924F590487B}.Debug|Any CPU.ActiveCfg = Debug|Any CPU
		{945CE5FA-2323-4350-8F32-3924F590487B}.Debug|Any CPU.Build.0 = Debug|Any CPU
		{945CE5FA-2323-4350-8F32-3924F590487B}.Debug|x64.ActiveCfg = Debug|Any CPU
		{945CE5FA-2323-4350-8F32-3924F590487B}.Release|Any CPU.ActiveCfg = Release|Any CPU
		{945CE5FA-2323-4350-8F32-3924F590487B}.Release|Any CPU.Build.0 = Release|Any CPU
		{945CE5FA-2323-4350-8F32-3924F590487B}.Release|x64.ActiveCfg = Release|Any CPU
		{4804B405-8EB9-46B2-9AB4-451E1DC2C77E}.Debug(x64)|Any CPU.ActiveCfg = Debug|Any CPU
		{4804B405-8EB9-46B2-9AB4-451E1DC2C77E}.Debug(x64)|Any CPU.Build.0 = Debug|Any CPU
		{4804B405-8EB9-46B2-9AB4-451E1DC2C77E}.Debug(x64)|x64.ActiveCfg = Debug|Any CPU
		{4804B405-8EB9-46B2-9AB4-451E1DC2C77E}.Debug|Any CPU.ActiveCfg = Debug|Any CPU
		{4804B405-8EB9-46B2-9AB4-451E1DC2C77E}.Debug|Any CPU.Build.0 = Debug|Any CPU
		{4804B405-8EB9-46B2-9AB4-451E1DC2C77E}.Debug|x64.ActiveCfg = Debug|Any CPU
		{4804B405-8EB9-46B2-9AB4-451E1DC2C77E}.Release|Any CPU.ActiveCfg = Release|Any CPU
		{4804B405-8EB9-46B2-9AB4-451E1DC2C77E}.Release|Any CPU.Build.0 = Release|Any CPU
		{4804B405-8EB9-46B2-9AB4-451E1DC2C77E}.Release|x64.ActiveCfg = Release|Any CPU
		{9DEE9120-E930-4F6D-BFB0-10FC9ABFE726}.Debug(x64)|Any CPU.ActiveCfg = Debug|Any CPU
		{9DEE9120-E930-4F6D-BFB0-10FC9ABFE726}.Debug(x64)|Any CPU.Build.0 = Debug|Any CPU
		{9DEE9120-E930-4F6D-BFB0-10FC9ABFE726}.Debug(x64)|x64.ActiveCfg = Debug|Any CPU
		{9DEE9120-E930-4F6D-BFB0-10FC9ABFE726}.Debug|Any CPU.ActiveCfg = Debug|Any CPU
		{9DEE9120-E930-4F6D-BFB0-10FC9ABFE726}.Debug|Any CPU.Build.0 = Debug|Any CPU
		{9DEE9120-E930-4F6D-BFB0-10FC9ABFE726}.Debug|x64.ActiveCfg = Debug|Any CPU
		{9DEE9120-E930-4F6D-BFB0-10FC9ABFE726}.Release|Any CPU.ActiveCfg = Release|Any CPU
		{9DEE9120-E930-4F6D-BFB0-10FC9ABFE726}.Release|Any CPU.Build.0 = Release|Any CPU
		{9DEE9120-E930-4F6D-BFB0-10FC9ABFE726}.Release|x64.ActiveCfg = Release|Any CPU
		{051B3424-70E0-4B5F-AA5D-31720B8D0072}.Debug(x64)|Any CPU.ActiveCfg = Debug|Any CPU
		{051B3424-70E0-4B5F-AA5D-31720B8D0072}.Debug(x64)|Any CPU.Build.0 = Debug|Any CPU
		{051B3424-70E0-4B5F-AA5D-31720B8D0072}.Debug(x64)|x64.ActiveCfg = Debug|Any CPU
		{051B3424-70E0-4B5F-AA5D-31720B8D0072}.Debug|Any CPU.ActiveCfg = Debug|Any CPU
		{051B3424-70E0-4B5F-AA5D-31720B8D0072}.Debug|Any CPU.Build.0 = Debug|Any CPU
		{051B3424-70E0-4B5F-AA5D-31720B8D0072}.Debug|x64.ActiveCfg = Debug|Any CPU
		{051B3424-70E0-4B5F-AA5D-31720B8D0072}.Release|Any CPU.ActiveCfg = Release|Any CPU
		{051B3424-70E0-4B5F-AA5D-31720B8D0072}.Release|Any CPU.Build.0 = Release|Any CPU
		{051B3424-70E0-4B5F-AA5D-31720B8D0072}.Release|x64.ActiveCfg = Release|Any CPU
		{B9D7D444-D1EC-47AE-ADF1-8DB5E34F2077}.Debug(x64)|Any CPU.ActiveCfg = Debug|Any CPU
		{B9D7D444-D1EC-47AE-ADF1-8DB5E34F2077}.Debug(x64)|Any CPU.Build.0 = Debug|Any CPU
		{B9D7D444-D1EC-47AE-ADF1-8DB5E34F2077}.Debug(x64)|x64.ActiveCfg = Debug|Any CPU
		{B9D7D444-D1EC-47AE-ADF1-8DB5E34F2077}.Debug|Any CPU.ActiveCfg = Debug|Any CPU
		{B9D7D444-D1EC-47AE-ADF1-8DB5E34F2077}.Debug|Any CPU.Build.0 = Debug|Any CPU
		{B9D7D444-D1EC-47AE-ADF1-8DB5E34F2077}.Debug|x64.ActiveCfg = Debug|Any CPU
		{B9D7D444-D1EC-47AE-ADF1-8DB5E34F2077}.Release|Any CPU.ActiveCfg = Release|Any CPU
		{B9D7D444-D1EC-47AE-ADF1-8DB5E34F2077}.Release|Any CPU.Build.0 = Release|Any CPU
		{B9D7D444-D1EC-47AE-ADF1-8DB5E34F2077}.Release|x64.ActiveCfg = Release|Any CPU
	EndGlobalSection
	GlobalSection(SolutionProperties) = preSolution
		HideSolutionNode = FALSE
	EndGlobalSection
	GlobalSection(NestedProjects) = preSolution
		{2BF2C5C8-1DB1-4B78-8B60-BC0DE884E044} = {48158E8B-60E0-4C45-86D9-310AB47783B4}
		{320B4685-2F0A-48D5-B1C5-EA1F8E5C158B} = {48158E8B-60E0-4C45-86D9-310AB47783B4}
		{0DB50285-89DE-42C7-9274-8D1633AAF01C} = {48158E8B-60E0-4C45-86D9-310AB47783B4}
		{0BC4354A-1C5A-4D0C-A510-8C88CC880433} = {48158E8B-60E0-4C45-86D9-310AB47783B4}
		{B9D7D444-D1EC-47AE-ADF1-8DB5E34F2077} = {48158E8B-60E0-4C45-86D9-310AB47783B4}
		{4C9FD44B-7991-43A7-B08A-6EA6B98C1509} = {3254E182-24E5-479E-BF8A-CD76C96D8B1B}
		{A31D22C4-0942-4511-A837-E27A84F2E5F2} = {3254E182-24E5-479E-BF8A-CD76C96D8B1B}
		{051B3424-70E0-4B5F-AA5D-31720B8D0072} = {3254E182-24E5-479E-BF8A-CD76C96D8B1B}
		{51B06B2E-B595-49D7-8731-1F1C2B86F09C} = {4058281E-82A4-4B42-8C7D-0F28682A5030}
		{CBAEE05E-9836-4A11-A90A-B6D7E46222D0} = {4058281E-82A4-4B42-8C7D-0F28682A5030}
		{945CE5FA-2323-4350-8F32-3924F590487B} = {4058281E-82A4-4B42-8C7D-0F28682A5030}
		{4804B405-8EB9-46B2-9AB4-451E1DC2C77E} = {4058281E-82A4-4B42-8C7D-0F28682A5030}
		{9DEE9120-E930-4F6D-BFB0-10FC9ABFE726} = {4058281E-82A4-4B42-8C7D-0F28682A5030}
	EndGlobalSection
EndGlobal
